Microsoft Visual Studio Solution File, Format Version 12.00
# Visual Studio Version 16
VisualStudioVersion = 16.0.31911.196
MinimumVisualStudioVersion = 10.0.40219.1
Project("{BC8A1FFA-BEE3-4634-8014-F334798102B3}") = "KenshiJobManagement", "KenshiJobManagement.vcxproj", "{68A703C0-02B0-4F77-AD86-B4BB0B16FB71}"
EndProject
Global
    GlobalSection(SolutionConfigurationPlatforms) = preSolution
        Release|x64 = Release|x64
    EndGlobalSection
    GlobalSection(ProjectConfigurationPlatforms) = postSolution
        {68A703C0-02B0-4F77-AD86-B4BB0B16FB71}.Release|x64.ActiveCfg = Release|x64
        {68A703C0-02B0-4F77-AD86-B4BB0B16FB71}.Release|x64.Build.0 = Release|x64
    EndGlobalSection
    GlobalSection(SolutionProperties) = preSolution
        HideSolutionNode = FALSE
    EndGlobalSection
EndGlobal
